{
  "name": "frontend",
  "version": "0.1.0",
  "lockfileVersion": 3,
  "requires": true,
  "packages": {
    "": {
      "name": "frontend",
      "version": "0.1.0",
      "dependencies": {
        "@tanstack/react-query": "^5.101.4",
        "axios": "^1.19.0",
        "lucide-react": "^1.31.0",
        "next": "16.3.0",
        "next-intl": "^4.13.6",
        "react": "19.2.8",
        "react-dom": "19.2.8"
      },
      "devDependencies": {
        "@tailwindcss/postcss": "^4",
        "@types/node": "^20",
        "@types/react": "^19",
        "@types/react-dom": "^19",
        "eslint": "^9",
        "eslint-config-next": "16.3.0",
        "tailwindcss": "^4",
        "typescript": "^5"
      }
    },
    "node_modules/@swc/helpers": {
      "version": "0.5.23",
      "resolved": "https://registry.npmjs.org/@swc/helpers/-/helpers-0.5.23.tgz",
      "integrity": "sha512-XsN9iFw9RvqVZ4eJW/CnnB39ouVT5KpNaWI0n1drxF3VxQJbD9ynX7T9p45p8fOH3L4/S5J+Ew3P0QMQRtlQVg==",
      "dependencies": {
        "tslib": "^2.4.0"
      }
    }
  }
}
